# THIS IS AN AUTOGENERATED FILE. DO NOT EDIT THIS FILE DIRECTLY.
# yarn lockfile v1


"@heroiclabs/nakama-js@^2.8.0":
  version "2.8.0"
  resolved "https://registry.yarnpkg.com/@heroiclabs/nakama-js/-/nakama-js-2.8.0.tgz#3e4b086696236ba608cde38882e30450149e82d1"
  integrity sha512-E3bH/pqosASGHmVttsa708UjoLYkzZ4Sy3JUZV0TMK3oZK19QVyKrWhqjwyFwvKI2WyVf30xiRD+2ffvmfpw4A==
  dependencies:
    "@scarf/scarf" "^1.1.1"
    base64-arraybuffer "^1.0.2"
    js-base64 "^3.7.4"
    whatwg-fetch "^3.6.2"

"@scarf/scarf@^1.1.1":
  version "1.4.0"
  resolved "https://registry.yarnpkg.com/@scarf/scarf/-/scarf-1.4.0.tgz#3bbb984085dbd6d982494538b523be1ce6562972"
  integrity sha512-xxeapPiUXdZAE3che6f3xogoJPeZgig6omHEy1rIY5WVsB3H2BHNnZH+gHG6x91SCWyQCzWGsuL2Hh3ClO5/qQ==

base64-arraybuffer@^1.0.2:
  version "1.0.2"
  resolved "https://registry.yarnpkg.com/base64-arraybuffer/-/base64-arraybuffer-1.0.2.tgz#1c37589a7c4b0746e34bd1feb951da2df01c1bdc"
  integrity sha512-I3yl4r9QB5ZRY3XuJVEPfc2XhZO6YweFPI+UovAzn+8/hb3oJ6lnysaFcjVpkCPfVWFUDvoZ8kmVDP7WyRtYtQ==

crypto-es@^1.2.7:
  version "1.2.7"
  resolved "https://registry.yarnpkg.com/crypto-es/-/crypto-es-1.2.7.tgz#754a6d52319a94fb4eb1f119297f17196b360f88"
  integrity sha512-UUqiVJ2gUuZFmbFsKmud3uuLcNP2+Opt+5ysmljycFCyhA0+T16XJmo1ev/t5kMChMqWh7IEvURNCqsg+SjZGQ==

js-base64@^3.7.4:
  version "3.7.7"
  resolved "https://registry.yarnpkg.com/js-base64/-/js-base64-3.7.7.tgz#e51b84bf78fbf5702b9541e2cb7bfcb893b43e79"
  integrity sha512-7rCnleh0z2CkXhH67J8K1Ytz0b2Y+yxTPL+/KOJoa20hfnVQ/3/T6W/KflYI4bRHRagNeXeU2bkNGI3v1oS/lw==

whatwg-fetch@^3.6.2:
  version "3.6.20"
  resolved "https://registry.yarnpkg.com/whatwg-fetch/-/whatwg-fetch-3.6.20.tgz#580ce6d791facec91d37c72890995a0b48d31c70"
  integrity sha512-EqhiFU6daOA8kpjOWTL0olhVOF3i7OrFzSYiGsEMB8GcXS+RrzauAERX65xMeNWVqxA6HXH2m69Z9LaKKdisfg==
